
Microsoft Visual Studio Solution File, Format Version 12.00
# Visual Studio Version 17
VisualStudioVersion = 17.13.35828.75 d17.13
MinimumVisualStudioVersion = 10.0.40219.1
Project("{FAE04EC0-301F-11D3-BF4B-00C04F79EFBC}") = "Shop_D.M", "Shop_D.M\Shop_D.M.csproj", "{E1F58DE6-1E23-45FD-A429-F2E26B6672C3}"
EndProject
Global
	GlobalSection(SolutionConfigurationPlatforms) = preSolution
		Debug|Any CPU = Debug|Any CPU
		Release|Any CPU = Release|Any CPU
	EndGlobalSection
	GlobalSection(ProjectConfigurationPlatforms) = postSolution
		{E1F58DE6-1E23-45FD-A429-F2E26B6672C3}.Debug|Any CPU.ActiveCfg = Debug|Any CPU
		{E1F58DE6-1E23-45FD-A429-F2E26B6672C3}.Debug|Any CPU.Build.0 = Debug|Any CPU
		{E1F58DE6-1E23-45FD-A429-F2E26B6672C3}.Release|Any CPU.ActiveCfg = Release|Any CPU
		{E1F58DE6-1E23-45FD-A429-F2E26B6672C3}.Release|Any CPU.Build.0 = Release|Any CPU
	EndGlobalSection
	GlobalSection(SolutionProperties) = preSolution
		HideSolutionNode = FALSE
	EndGlobalSection
	GlobalSection(ExtensibilityGlobals) = postSolution
		SolutionGuid = {EB671229-59E7-49B0-B06B-14F90675C7D1}
	EndGlobalSection
EndGlobal
